
Microsoft Visual Studio Solution File, Format Version 12.00
# Visual Studio Version 17
VisualStudioVersion = 17.9.34701.34
MinimumVisualStudioVersion = 10.0.40219.1
Project("{FAE04EC0-301F-11D3-BF4B-00C04F79EFBC}") = "Generic_Type1", "Generic_Type1.csproj", "{F98DD11C-A5F5-4FD0-9B6A-CFFD6B9CC338}"
EndProject
Global
	GlobalSection(SolutionConfigurationPlatforms) = preSolution
		Debug|Any CPU = Debug|Any CPU
		Release|Any CPU = Release|Any CPU
	EndGlobalSection
	GlobalSection(ProjectConfigurationPlatforms) = postSolution
		{F98DD11C-A5F5-4FD0-9B6A-CFFD6B9CC338}.Debug|Any CPU.ActiveCfg = Debug|Any CPU
		{F98DD11C-A5F5-4FD0-9B6A-CFFD6B9CC338}.Debug|Any CPU.Build.0 = Debug|Any CPU
		{F98DD11C-A5F5-4FD0-9B6A-CFFD6B9CC338}.Release|Any CPU.ActiveCfg = Release|Any CPU
		{F98DD11C-A5F5-4FD0-9B6A-CFFD6B9CC338}.Release|Any CPU.Build.0 = Release|Any CPU
	EndGlobalSection
	GlobalSection(SolutionProperties) = preSolution
		HideSolutionNode = FALSE
	EndGlobalSection
	GlobalSection(ExtensibilityGlobals) = postSolution
		SolutionGuid = {4791F759-2838-4E67-8770-A86FC6B9DED2}
	EndGlobalSection
EndGlobal
