
Microsoft Visual Studio Solution File, Format Version 12.00
# Visual Studio Version 17
VisualStudioVersion = 17.9.34701.34
MinimumVisualStudioVersion = 10.0.40219.1
Project("{FAE04EC0-301F-11D3-BF4B-00C04F79EFBC}") = "Polymorphism1", "Polymorphism1.csproj", "{4F6550CD-634F-486B-BF97-6E0CF39533C3}"
EndProject
Project("{FAE04EC0-301F-11D3-BF4B-00C04F79EFBC}") = "Polymorphism2", "..\Polymorphism2\Polymorphism2.csproj", "{9932C772-0A36-4F90-8A5E-9FC9EA7966C9}"
EndProject
Project("{FAE04EC0-301F-11D3-BF4B-00C04F79EFBC}") = "Inheritance1", "..\Inheritance1\Inheritance1.csproj", "{54535D60-FAD2-492A-AF3E-E8515A87BE5B}"
EndProject
Project("{FAE04EC0-301F-11D3-BF4B-00C04F79EFBC}") = "Inheritance2", "..\Inheritance2\Inheritance2.csproj", "{2FD80306-7C16-4802-AA94-F6E32043D4E1}"
EndProject
Project("{FAE04EC0-301F-11D3-BF4B-00C04F79EFBC}") = "Inheritance3", "..\Inheritance3\Inheritance3.csproj", "{E003B6A7-AAE1-47CC-83B6-8B5EFCACDE09}"
EndProject
Global
	GlobalSection(SolutionConfigurationPlatforms) = preSolution
		Debug|Any CPU = Debug|Any CPU
		Release|Any CPU = Release|Any CPU
	EndGlobalSection
	GlobalSection(ProjectConfigurationPlatforms) = postSolution
		{4F6550CD-634F-486B-BF97-6E0CF39533C3}.Debug|Any CPU.ActiveCfg = Debug|Any CPU
		{4F6550CD-634F-486B-BF97-6E0CF39533C3}.Debug|Any CPU.Build.0 = Debug|Any CPU
		{4F6550CD-634F-486B-BF97-6E0CF39533C3}.Release|Any CPU.ActiveCfg = Release|Any CPU
		{4F6550CD-634F-486B-BF97-6E0CF39533C3}.Release|Any CPU.Build.0 = Release|Any CPU
		{9932C772-0A36-4F90-8A5E-9FC9EA7966C9}.Debug|Any CPU.ActiveCfg = Debug|Any CPU
		{9932C772-0A36-4F90-8A5E-9FC9EA7966C9}.Debug|Any CPU.Build.0 = Debug|Any CPU
		{9932C772-0A36-4F90-8A5E-9FC9EA7966C9}.Release|Any CPU.ActiveCfg = Release|Any CPU
		{9932C772-0A36-4F90-8A5E-9FC9EA7966C9}.Release|Any CPU.Build.0 = Release|Any CPU
		{54535D60-FAD2-492A-AF3E-E8515A87BE5B}.Debug|Any CPU.ActiveCfg = Debug|Any CPU
		{54535D60-FAD2-492A-AF3E-E8515A87BE5B}.Debug|Any CPU.Build.0 = Debug|Any CPU
		{54535D60-FAD2-492A-AF3E-E8515A87BE5B}.Release|Any CPU.ActiveCfg = Release|Any CPU
		{54535D60-FAD2-492A-AF3E-E8515A87BE5B}.Release|Any CPU.Build.0 = Release|Any CPU
		{2FD80306-7C16-4802-AA94-F6E32043D4E1}.Debug|Any CPU.ActiveCfg = Debug|Any CPU
		{2FD80306-7C16-4802-AA94-F6E32043D4E1}.Debug|Any CPU.Build.0 = Debug|Any CPU
		{2FD80306-7C16-4802-AA94-F6E32043D4E1}.Release|Any CPU.ActiveCfg = Release|Any CPU
		{2FD80306-7C16-4802-AA94-F6E32043D4E1}.Release|Any CPU.Build.0 = Release|Any CPU
		{E003B6A7-AAE1-47CC-83B6-8B5EFCACDE09}.Debug|Any CPU.ActiveCfg = Debug|Any CPU
		{E003B6A7-AAE1-47CC-83B6-8B5EFCACDE09}.Debug|Any CPU.Build.0 = Debug|Any CPU
		{E003B6A7-AAE1-47CC-83B6-8B5EFCACDE09}.Release|Any CPU.ActiveCfg = Release|Any CPU
		{E003B6A7-AAE1-47CC-83B6-8B5EFCACDE09}.Release|Any CPU.Build.0 = Release|Any CPU
	EndGlobalSection
	GlobalSection(SolutionProperties) = preSolution
		HideSolutionNode = FALSE
	EndGlobalSection
	GlobalSection(ExtensibilityGlobals) = postSolution
		SolutionGuid = {B4AFCF9D-E336-48AB-B572-FDA6EB012FCB}
	EndGlobalSection
EndGlobal
