
Microsoft Visual Studio Solution File, Format Version 12.00
# Visual Studio Version 17
VisualStudioVersion = 17.9.34701.34
MinimumVisualStudioVersion = 10.0.40219.1
Project("{9A19103F-16F7-4668-BE54-9A1E7A4F7556}") = "Inheritance2", "Inheritance2.csproj", "{AEAE4951-8836-4E16-B765-3076BA427C21}"
EndProject
Global
	GlobalSection(SolutionConfigurationPlatforms) = preSolution
		Debug|Any CPU = Debug|Any CPU
		Release|Any CPU = Release|Any CPU
	EndGlobalSection
	GlobalSection(ProjectConfigurationPlatforms) = postSolution
		{AEAE4951-8836-4E16-B765-3076BA427C21}.Debug|Any CPU.ActiveCfg = Debug|Any CPU
		{AEAE4951-8836-4E16-B765-3076BA427C21}.Debug|Any CPU.Build.0 = Debug|Any CPU
		{AEAE4951-8836-4E16-B765-3076BA427C21}.Release|Any CPU.ActiveCfg = Release|Any CPU
		{AEAE4951-8836-4E16-B765-3076BA427C21}.Release|Any CPU.Build.0 = Release|Any CPU
	EndGlobalSection
	GlobalSection(SolutionProperties) = preSolution
		HideSolutionNode = FALSE
	EndGlobalSection
	GlobalSection(ExtensibilityGlobals) = postSolution
		SolutionGuid = {0ED2079F-EDD2-414A-B019-E8D3C2C0369D}
	EndGlobalSection
EndGlobal
