
Microsoft Visual Studio Solution File, Format Version 12.00
# Visual Studio Version 17
VisualStudioVersion = 17.9.34701.34
MinimumVisualStudioVersion = 10.0.40219.1
Project("{FAE04EC0-301F-11D3-BF4B-00C04F79EFBC}") = "Abstract1", "Abstract1.csproj", "{D5481462-B95E-4613-950B-215685853395}"
EndProject
Global
	GlobalSection(SolutionConfigurationPlatforms) = preSolution
		Debug|Any CPU = Debug|Any CPU
		Release|Any CPU = Release|Any CPU
	EndGlobalSection
	GlobalSection(ProjectConfigurationPlatforms) = postSolution
		{D5481462-B95E-4613-950B-215685853395}.Debug|Any CPU.ActiveCfg = Debug|Any CPU
		{D5481462-B95E-4613-950B-215685853395}.Debug|Any CPU.Build.0 = Debug|Any CPU
		{D5481462-B95E-4613-950B-215685853395}.Release|Any CPU.ActiveCfg = Release|Any CPU
		{D5481462-B95E-4613-950B-215685853395}.Release|Any CPU.Build.0 = Release|Any CPU
	EndGlobalSection
	GlobalSection(SolutionProperties) = preSolution
		HideSolutionNode = FALSE
	EndGlobalSection
	GlobalSection(ExtensibilityGlobals) = postSolution
		SolutionGuid = {CB4FE192-BD5C-429D-B13B-BEF917F6C7B8}
	EndGlobalSection
EndGlobal
